
Microsoft Visual Studio Solution File, Format Version 12.00
# Visual Studio 14
VisualStudioVersion = 14.0.23107.0
MinimumVisualStudioVersion = 10.0.40219.1
Project("{FAE04EC0-301F-11D3-BF4B-00C04F79EFBC}") = "Kolokwium", "Kolokwium\Kolokwium.csproj", "{2B250F91-55E8-407A-ABF0-6A8A1744C4BA}"
EndProject
Project("{FAE04EC0-301F-11D3-BF4B-00C04F79EFBC}") = "KolokwiumTests", "KolokwiumTests\KolokwiumTests.csproj", "{9090FEB8-6670-424F-87B0-1CB07D440212}"
EndProject
Global
	GlobalSection(SolutionConfigurationPlatforms) = preSolution
		Debug|Any CPU = Debug|Any CPU
		Release|Any CPU = Release|Any CPU
	EndGlobalSection
	GlobalSection(ProjectConfigurationPlatforms) = postSolution
		{2B250F91-55E8-407A-ABF0-6A8A1744C4BA}.Debug|Any CPU.ActiveCfg = Debug|Any CPU
		{2B250F91-55E8-407A-ABF0-6A8A1744C4BA}.Debug|Any CPU.Build.0 = Debug|Any CPU
		{2B250F91-55E8-407A-ABF0-6A8A1744C4BA}.Release|Any CPU.ActiveCfg = Release|Any CPU
		{2B250F91-55E8-407A-ABF0-6A8A1744C4BA}.Release|Any CPU.Build.0 = Release|Any CPU
		{9090FEB8-6670-424F-87B0-1CB07D440212}.Debug|Any CPU.ActiveCfg = Debug|Any CPU
		{9090FEB8-6670-424F-87B0-1CB07D440212}.Debug|Any CPU.Build.0 = Debug|Any CPU
		{9090FEB8-6670-424F-87B0-1CB07D440212}.Release|Any CPU.ActiveCfg = Release|Any CPU
		{9090FEB8-6670-424F-87B0-1CB07D440212}.Release|Any CPU.Build.0 = Release|Any CPU
	EndGlobalSection
	GlobalSection(SolutionProperties) = preSolution
		HideSolutionNode = FALSE
	EndGlobalSection
EndGlobal
